
Microsoft Visual Studio Solution File, Format Version 12.00
# Visual Studio 15
VisualStudioVersion = 15.0.27428.2005
MinimumVisualStudioVersion = 10.0.40219.1
Project("{8BC9CEB8-8B4A-11D0-8D11-00A0C91BC942}") = "Refactor3-1", "Refactor3-1\Refactor3-1.vcxproj", "{330825A8-332B-4847-96D9-2999E20CAFEC}"
EndProject
Global
	GlobalSection(SolutionConfigurationPlatforms) = preSolution
		Debug|x64 = Debug|x64
		Debug|x86 = Debug|x86
		Release|x64 = Release|x64
		Release|x86 = Release|x86
	EndGlobalSection
	GlobalSection(ProjectConfigurationPlatforms) = postSolution
		{330825A8-332B-4847-96D9-2999E20CAFEC}.Debug|x64.ActiveCfg = Debug|x64
		{330825A8-332B-4847-96D9-2999E20CAFEC}.Debug|x64.Build.0 = Debug|x64
		{330825A8-332B-4847-96D9-2999E20CAFEC}.Debug|x86.ActiveCfg = Debug|Win32
		{330825A8-332B-4847-96D9-2999E20CAFEC}.Debug|x86.Build.0 = Debug|Win32
		{330825A8-332B-4847-96D9-2999E20CAFEC}.Release|x64.ActiveCfg = Release|x64
		{330825A8-332B-4847-96D9-2999E20CAFEC}.Release|x64.Build.0 = Release|x64
		{330825A8-332B-4847-96D9-2999E20CAFEC}.Release|x86.ActiveCfg = Release|Win32
		{330825A8-332B-4847-96D9-2999E20CAFEC}.Release|x86.Build.0 = Release|Win32
	EndGlobalSection
	GlobalSection(SolutionProperties) = preSolution
		HideSolutionNode = FALSE
	EndGlobalSection
	GlobalSection(ExtensibilityGlobals) = postSolution
		SolutionGuid = {7B52BD43-FBCE-4F04-AAAC-CC5FABF97667}
	EndGlobalSection
EndGlobal
